
Microsoft Visual Studio Solution File, Format Version 12.00
Project("{FAE04EC0-301F-11D3-BF4B-00C04F79EFBC}") = "sdarot", "sdarot\sdarot.csproj", "{FC7769B1-2D9B-4B26-BEF7-69FF8AE0AB4C}"
EndProject
Project("{FAE04EC0-301F-11D3-BF4B-00C04F79EFBC}") = "Sample test", "Sample test\Sample test.csproj", "{766555AA-AA87-4622-AE04-C91FE3BA228C}"
EndProject
Project("{FAE04EC0-301F-11D3-BF4B-00C04F79EFBC}") = "ATBASH", "ATBASH\ATBASH.csproj", "{77FD332A-D238-4937-B38C-2A3F63348201}"
EndProject
Project("{FAE04EC0-301F-11D3-BF4B-00C04F79EFBC}") = "AgentOperation", "AgentOperation\AgentOperation.csproj", "{0FAF2AFA-FE83-4C3A-8D87-3AC3CE40263F}"
EndProject
Global
	GlobalSection(SolutionConfigurationPlatforms) = preSolution
		Debug|Any CPU = Debug|Any CPU
		Release|Any CPU = Release|Any CPU
	EndGlobalSection
	GlobalSection(ProjectConfigurationPlatforms) = postSolution
		{FC7769B1-2D9B-4B26-BEF7-69FF8AE0AB4C}.Debug|Any CPU.ActiveCfg = Debug|Any CPU
		{FC7769B1-2D9B-4B26-BEF7-69FF8AE0AB4C}.Debug|Any CPU.Build.0 = Debug|Any CPU
		{FC7769B1-2D9B-4B26-BEF7-69FF8AE0AB4C}.Release|Any CPU.ActiveCfg = Release|Any CPU
		{FC7769B1-2D9B-4B26-BEF7-69FF8AE0AB4C}.Release|Any CPU.Build.0 = Release|Any CPU
		{766555AA-AA87-4622-AE04-C91FE3BA228C}.Debug|Any CPU.ActiveCfg = Debug|Any CPU
		{766555AA-AA87-4622-AE04-C91FE3BA228C}.Debug|Any CPU.Build.0 = Debug|Any CPU
		{766555AA-AA87-4622-AE04-C91FE3BA228C}.Release|Any CPU.ActiveCfg = Release|Any CPU
		{766555AA-AA87-4622-AE04-C91FE3BA228C}.Release|Any CPU.Build.0 = Release|Any CPU
		{77FD332A-D238-4937-B38C-2A3F63348201}.Debug|Any CPU.ActiveCfg = Debug|Any CPU
		{77FD332A-D238-4937-B38C-2A3F63348201}.Debug|Any CPU.Build.0 = Debug|Any CPU
		{77FD332A-D238-4937-B38C-2A3F63348201}.Release|Any CPU.ActiveCfg = Release|Any CPU
		{77FD332A-D238-4937-B38C-2A3F63348201}.Release|Any CPU.Build.0 = Release|Any CPU
		{0FAF2AFA-FE83-4C3A-8D87-3AC3CE40263F}.Debug|Any CPU.ActiveCfg = Debug|Any CPU
		{0FAF2AFA-FE83-4C3A-8D87-3AC3CE40263F}.Debug|Any CPU.Build.0 = Debug|Any CPU
		{0FAF2AFA-FE83-4C3A-8D87-3AC3CE40263F}.Release|Any CPU.ActiveCfg = Release|Any CPU
		{0FAF2AFA-FE83-4C3A-8D87-3AC3CE40263F}.Release|Any CPU.Build.0 = Release|Any CPU
	EndGlobalSection
EndGlobal
